
Microsoft Visual Studio Solution File, Format Version 12.00
# Visual Studio Version 17
VisualStudioVersion = 17.11.35312.102
MinimumVisualStudioVersion = 10.0.40219.1
Project("{8BC9CEB8-8B4A-11D0-8D11-00A0C91BC942}") = "OS09_01", "OS09_01\OS09_01.vcxproj", "{876C5490-D3FB-4E7D-8F65-DD9A1377417D}"
EndProject
Project("{8BC9CEB8-8B4A-11D0-8D11-00A0C91BC942}") = "OS09_02", "OS09_02\OS09_02.vcxproj", "{682FCDA2-1DB6-4063-B8B9-01EB037D36F3}"
EndProject
Project("{8BC9CEB8-8B4A-11D0-8D11-00A0C91BC942}") = "OS09_03", "OS09_03\OS09_03.vcxproj", "{FA375C0F-EFCF-4656-8D21-771D4E26F4AE}"
EndProject
Project("{8BC9CEB8-8B4A-11D0-8D11-00A0C91BC942}") = "OS09_04", "OS09_04\OS09_04.vcxproj", "{51638C38-C8F5-4966-852B-041706874105}"
EndProject
Project("{8BC9CEB8-8B4A-11D0-8D11-00A0C91BC942}") = "OS09_05", "OS09_05\OS09_05.vcxproj", "{E502CE91-384D-4D55-BC7A-F553F38A9983}"
EndProject
Project("{8BC9CEB8-8B4A-11D0-8D11-00A0C91BC942}") = "OS09_06", "OS09_06\OS09_06.vcxproj", "{5C6C9737-886A-41C3-8289-DEA601271E1F}"
EndProject
Project("{8BC9CEB8-8B4A-11D0-8D11-00A0C91BC942}") = "OS09_07", "OS09_07\OS09_07.vcxproj", "{92A2191F-314A-4F78-A0C2-4E059F976217}"
EndProject
Global
	GlobalSection(SolutionConfigurationPlatforms) = preSolution
		Debug|x64 = Debug|x64
		Debug|x86 = Debug|x86
		Release|x64 = Release|x64
		Release|x86 = Release|x86
	EndGlobalSection
	GlobalSection(ProjectConfigurationPlatforms) = postSolution
		{876C5490-D3FB-4E7D-8F65-DD9A1377417D}.Debug|x64.ActiveCfg = Debug|x64
		{876C5490-D3FB-4E7D-8F65-DD9A1377417D}.Debug|x64.Build.0 = Debug|x64
		{876C5490-D3FB-4E7D-8F65-DD9A1377417D}.Debug|x86.ActiveCfg = Debug|Win32
		{876C5490-D3FB-4E7D-8F65-DD9A1377417D}.Debug|x86.Build.0 = Debug|Win32
		{876C5490-D3FB-4E7D-8F65-DD9A1377417D}.Release|x64.ActiveCfg = Release|x64
		{876C5490-D3FB-4E7D-8F65-DD9A1377417D}.Release|x64.Build.0 = Release|x64
		{876C5490-D3FB-4E7D-8F65-DD9A1377417D}.Release|x86.ActiveCfg = Release|Win32
		{876C5490-D3FB-4E7D-8F65-DD9A1377417D}.Release|x86.Build.0 = Release|Win32
		{682FCDA2-1DB6-4063-B8B9-01EB037D36F3}.Debug|x64.ActiveCfg = Debug|x64
		{682FCDA2-1DB6-4063-B8B9-01EB037D36F3}.Debug|x64.Build.0 = Debug|x64
		{682FCDA2-1DB6-4063-B8B9-01EB037D36F3}.Debug|x86.ActiveCfg = Debug|Win32
		{682FCDA2-1DB6-4063-B8B9-01EB037D36F3}.Debug|x86.Build.0 = Debug|Win32
		{682FCDA2-1DB6-4063-B8B9-01EB037D36F3}.Release|x64.ActiveCfg = Release|x64
		{682FCDA2-1DB6-4063-B8B9-01EB037D36F3}.Release|x64.Build.0 = Release|x64
		{682FCDA2-1DB6-4063-B8B9-01EB037D36F3}.Release|x86.ActiveCfg = Release|Win32
		{682FCDA2-1DB6-4063-B8B9-01EB037D36F3}.Release|x86.Build.0 = Release|Win32
		{FA375C0F-EFCF-4656-8D21-771D4E26F4AE}.Debug|x64.ActiveCfg = Debug|x64
		{FA375C0F-EFCF-4656-8D21-771D4E26F4AE}.Debug|x64.Build.0 = Debug|x64
		{FA375C0F-EFCF-4656-8D21-771D4E26F4AE}.Debug|x86.ActiveCfg = Debug|Win32
		{FA375C0F-EFCF-4656-8D21-771D4E26F4AE}.Debug|x86.Build.0 = Debug|Win32
		{FA375C0F-EFCF-4656-8D21-771D4E26F4AE}.Release|x64.ActiveCfg = Release|x64
		{FA375C0F-EFCF-4656-8D21-771D4E26F4AE}.Release|x64.Build.0 = Release|x64
		{FA375C0F-EFCF-4656-8D21-771D4E26F4AE}.Release|x86.ActiveCfg = Release|Win32
		{FA375C0F-EFCF-4656-8D21-771D4E26F4AE}.Release|x86.Build.0 = Release|Win32
		{51638C38-C8F5-4966-852B-041706874105}.Debug|x64.ActiveCfg = Debug|x64
		{51638C38-C8F5-4966-852B-041706874105}.Debug|x64.Build.0 = Debug|x64
		{51638C38-C8F5-4966-852B-041706874105}.Debug|x86.ActiveCfg = Debug|Win32
		{51638C38-C8F5-4966-852B-041706874105}.Debug|x86.Build.0 = Debug|Win32
		{51638C38-C8F5-4966-852B-041706874105}.Release|x64.ActiveCfg = Release|x64
		{51638C38-C8F5-4966-852B-041706874105}.Release|x64.Build.0 = Release|x64
		{51638C38-C8F5-4966-852B-041706874105}.Release|x86.ActiveCfg = Release|Win32
		{51638C38-C8F5-4966-852B-041706874105}.Release|x86.Build.0 = Release|Win32
		{E502CE91-384D-4D55-BC7A-F553F38A9983}.Debug|x64.ActiveCfg = Debug|x64
		{E502CE91-384D-4D55-BC7A-F553F38A9983}.Debug|x64.Build.0 = Debug|x64
		{E502CE91-384D-4D55-BC7A-F553F38A9983}.Debug|x86.ActiveCfg = Debug|Win32
		{E502CE91-384D-4D55-BC7A-F553F38A9983}.Debug|x86.Build.0 = Debug|Win32
		{E502CE91-384D-4D55-BC7A-F553F38A9983}.Release|x64.ActiveCfg = Release|x64
		{E502CE91-384D-4D55-BC7A-F553F38A9983}.Release|x64.Build.0 = Release|x64
		{E502CE91-384D-4D55-BC7A-F553F38A9983}.Release|x86.ActiveCfg = Release|Win32
		{E502CE91-384D-4D55-BC7A-F553F38A9983}.Release|x86.Build.0 = Release|Win32
		{5C6C9737-886A-41C3-8289-DEA601271E1F}.Debug|x64.ActiveCfg = Debug|x64
		{5C6C9737-886A-41C3-8289-DEA601271E1F}.Debug|x64.Build.0 = Debug|x64
		{5C6C9737-886A-41C3-8289-DEA601271E1F}.Debug|x86.ActiveCfg = Debug|Win32
		{5C6C9737-886A-41C3-8289-DEA601271E1F}.Debug|x86.Build.0 = Debug|Win32
		{5C6C9737-886A-41C3-8289-DEA601271E1F}.Release|x64.ActiveCfg = Release|x64
		{5C6C9737-886A-41C3-8289-DEA601271E1F}.Release|x64.Build.0 = Release|x64
		{5C6C9737-886A-41C3-8289-DEA601271E1F}.Release|x86.ActiveCfg = Release|Win32
		{5C6C9737-886A-41C3-8289-DEA601271E1F}.Release|x86.Build.0 = Release|Win32
		{92A2191F-314A-4F78-A0C2-4E059F976217}.Debug|x64.ActiveCfg = Debug|x64
		{92A2191F-314A-4F78-A0C2-4E059F976217}.Debug|x64.Build.0 = Debug|x64
		{92A2191F-314A-4F78-A0C2-4E059F976217}.Debug|x86.ActiveCfg = Debug|Win32
		{92A2191F-314A-4F78-A0C2-4E059F976217}.Debug|x86.Build.0 = Debug|Win32
		{92A2191F-314A-4F78-A0C2-4E059F976217}.Release|x64.ActiveCfg = Release|x64
		{92A2191F-314A-4F78-A0C2-4E059F976217}.Release|x64.Build.0 = Release|x64
		{92A2191F-314A-4F78-A0C2-4E059F976217}.Release|x86.ActiveCfg = Release|Win32
		{92A2191F-314A-4F78-A0C2-4E059F976217}.Release|x86.Build.0 = Release|Win32
	EndGlobalSection
	GlobalSection(SolutionProperties) = preSolution
		HideSolutionNode = FALSE
	EndGlobalSection
	GlobalSection(ExtensibilityGlobals) = postSolution
		SolutionGuid = {EEC78A94-8A6F-40E2-B98E-D36032BF4F94}
	EndGlobalSection
EndGlobal
