
Microsoft Visual Studio Solution File, Format Version 12.00
# Visual Studio Version 17
VisualStudioVersion = 17.11.35303.130
MinimumVisualStudioVersion = 10.0.40219.1
Project("{FAE04EC0-301F-11D3-BF4B-00C04F79EFBC}") = "OS04_07", "OS04_07\OS04_07.csproj", "{B4DDAD31-4118-4DE9-9B39-E9AABB543CDC}"
EndProject
Global
	GlobalSection(SolutionConfigurationPlatforms) = preSolution
		Debug|Any CPU = Debug|Any CPU
		Release|Any CPU = Release|Any CPU
	EndGlobalSection
	GlobalSection(ProjectConfigurationPlatforms) = postSolution
		{B4DDAD31-4118-4DE9-9B39-E9AABB543CDC}.Debug|Any CPU.ActiveCfg = Debug|Any CPU
		{B4DDAD31-4118-4DE9-9B39-E9AABB543CDC}.Debug|Any CPU.Build.0 = Debug|Any CPU
		{B4DDAD31-4118-4DE9-9B39-E9AABB543CDC}.Release|Any CPU.ActiveCfg = Release|Any CPU
		{B4DDAD31-4118-4DE9-9B39-E9AABB543CDC}.Release|Any CPU.Build.0 = Release|Any CPU
	EndGlobalSection
	GlobalSection(SolutionProperties) = preSolution
		HideSolutionNode = FALSE
	EndGlobalSection
	GlobalSection(ExtensibilityGlobals) = postSolution
		SolutionGuid = {38754464-ADB5-4901-B631-4DE1287CFE04}
	EndGlobalSection
EndGlobal
